<?xml version="1.0" encoding="utf-8"?>
<Project ToolsVersion="4.0" xmlns="http://schemas.microsoft.com/developer/msbuild/2003">
  <ItemGroup>
    <Filter Include="Source Files">
      <UniqueIdentifier>{4FC737F1-C7A5-4376-A066-2A32D752A2FF}</UniqueIdentifier>
      <Extensions>cpp;c;cc;cxx;def;odl;idl;hpj;bat;asm;asmx</Extensions>
    </Filter>
    <Filter Include="Header Files">
      <UniqueIdentifier>{93995380-89BD-4b04-88EB-625FBE52EBFB}</UniqueIdentifier>
      <Extensions>h;hh;hpp;hxx;hm;inl;inc;xsd</Extensions>
    </Filter>
    <Filter Include="Resource Files">
      <UniqueIdentifier>{67DA6AB6-F800-4c08-8B7A-83BB121AAD01}</UniqueIdentifier>
      <Extensions>rc;ico;cur;bmp;dlg;rc2;rct;bin;rgs;gif;jpg;jpeg;jpe;resx;tiff;tif;png;wav;mfcribbon-ms</Extensions>
    </Filter>
  </ItemGroup>
  <ItemGroup>
    <ClCompile Include="CH1.cpp">
      <Filter>Source Files</Filter>
    </ClCompile>
    <ClCompile Include="CH2.cpp">
      <Filter>Source Files</Filter>
    </ClCompile>
    <ClCompile Include="CH3.cpp">
      <Filter>Source Files</Filter>
    </ClCompile>
    <ClCompile Include="CH4.cpp">
      <Filter>Source Files</Filter>
    </ClCompile>
    <ClCompile Include="CH5.cpp">
      <Filter>Source Files</Filter>
    </ClCompile>
    <ClCompile Include="CH6.cpp">
      <Filter>Source Files</Filter>
    </ClCompile>
    <ClCompile Include="fact.cpp">
      <Filter>Source Files</Filter>
    </ClCompile>
    <ClCompile Include="CH7.cpp">
      <Filter>Source Files</Filter>
    </ClCompile>
    <ClCompile Include="LinkedList.cpp">
      <Filter>Source Files</Filter>
    </ClCompile>
    <ClCompile Include="LinkedListTest.cpp">
      <Filter>Source Files</Filter>
    </ClCompile>
    <ClCompile Include="StackTest.cpp">
      <Filter>Source Files</Filter>
    </ClCompile>
    <ClCompile Include="Sort.cpp">
      <Filter>Source Files</Filter>
    </ClCompile>
    <ClCompile Include="sorttest.cpp">
      <Filter>Source Files</Filter>
    </ClCompile>
    <ClCompile Include="CH8.cpp">
      <Filter>Source Files</Filter>
    </ClCompile>
    <ClCompile Include="CH9.cpp">
      <Filter>Source Files</Filter>
    </ClCompile>
    <ClCompile Include="CH10.cpp">
      <Filter>Source Files</Filter>
    </ClCompile>
    <ClCompile Include="CH11.cpp">
      <Filter>Source Files</Filter>
    </ClCompile>
    <ClCompile Include="leetcode.cpp">
      <Filter>Source Files</Filter>
    </ClCompile>
    <ClCompile Include="family.cpp">
      <Filter>Source Files</Filter>
    </ClCompile>
    <ClCompile Include="CH12.cpp">
      <Filter>Source Files</Filter>
    </ClCompile>
    <ClCompile Include="snake.cpp">
      <Filter>Source Files</Filter>
    </ClCompile>
  </ItemGroup>
  <ItemGroup>
    <ClInclude Include="Chapter6.h">
      <Filter>Header Files</Filter>
    </ClInclude>
    <ClInclude Include="CH7_Sales.h">
      <Filter>Header Files</Filter>
    </ClInclude>
    <ClInclude Include="CH7_Person.h">
      <Filter>Header Files</Filter>
    </ClInclude>
    <ClInclude Include="CH7_Screen.h">
      <Filter>Header Files</Filter>
    </ClInclude>
    <ClInclude Include="LinkedList.h">
      <Filter>Header Files</Filter>
    </ClInclude>
    <ClInclude Include="Stack.h">
      <Filter>Header Files</Filter>
    </ClInclude>
    <ClInclude Include="Queue.h">
      <Filter>Header Files</Filter>
    </ClInclude>
    <ClInclude Include="Sort.h">
      <Filter>Header Files</Filter>
    </ClInclude>
    <ClInclude Include="CH10.h">
      <Filter>Header Files</Filter>
    </ClInclude>
    <ClInclude Include="CH11.h">
      <Filter>Header Files</Filter>
    </ClInclude>
    <ClInclude Include="leetcode.h">
      <Filter>Header Files</Filter>
    </ClInclude>
    <ClInclude Include="family.h">
      <Filter>Header Files</Filter>
    </ClInclude>
    <ClInclude Include="CH12.h">
      <Filter>Header Files</Filter>
    </ClInclude>
  </ItemGroup>
</Project>